
Microsoft Visual Studio Solution File, Format Version 12.00
# Visual Studio Version 17
VisualStudioVersion = 17.0.31903.59
MinimumVisualStudioVersion = 10.0.40219.1
Project("{FAE04EC0-301F-11D3-BF4B-00C04F79EFBC}") = "MathLibrary", "MathLibrary\MathLibrary.csproj", "{DF44FF6B-5801-4547-BB5A-EE9F2604CC1B}"
EndProject
Project("{FAE04EC0-301F-11D3-BF4B-00C04F79EFBC}") = "MathLibrary.Tests", "MathLibrary.Tests\MathLibrary.Tests.csproj", "{6A7DFE12-4175-4267-8901-0D3354D57B20}"
EndProject
Global
	GlobalSection(SolutionConfigurationPlatforms) = preSolution
		Debug|Any CPU = Debug|Any CPU
		Release|Any CPU = Release|Any CPU
	EndGlobalSection
	GlobalSection(SolutionProperties) = preSolution
		HideSolutionNode = FALSE
	EndGlobalSection
	GlobalSection(ProjectConfigurationPlatforms) = postSolution
		{DF44FF6B-5801-4547-BB5A-EE9F2604CC1B}.Debug|Any CPU.ActiveCfg = Debug|Any CPU
		{DF44FF6B-5801-4547-BB5A-EE9F2604CC1B}.Debug|Any CPU.Build.0 = Debug|Any CPU
		{DF44FF6B-5801-4547-BB5A-EE9F2604CC1B}.Release|Any CPU.ActiveCfg = Release|Any CPU
		{DF44FF6B-5801-4547-BB5A-EE9F2604CC1B}.Release|Any CPU.Build.0 = Release|Any CPU
		{6A7DFE12-4175-4267-8901-0D3354D57B20}.Debug|Any CPU.ActiveCfg = Debug|Any CPU
		{6A7DFE12-4175-4267-8901-0D3354D57B20}.Debug|Any CPU.Build.0 = Debug|Any CPU
		{6A7DFE12-4175-4267-8901-0D3354D57B20}.Release|Any CPU.ActiveCfg = Release|Any CPU
		{6A7DFE12-4175-4267-8901-0D3354D57B20}.Release|Any CPU.Build.0 = Release|Any CPU
	EndGlobalSection
EndGlobal
